
Microsoft Visual Studio Solution File, Format Version 12.00
# Visual Studio Version 17
VisualStudioVersion = 17.1.32328.378
MinimumVisualStudioVersion = 10.0.40219.1
Project("{888888A0-9F3D-457C-B088-3A5042F75D52}") = "Drone", "Drone.pyproj", "{439566CD-C0F8-47FE-B156-28FC168AFB4B}"
EndProject
Global
	GlobalSection(SolutionConfigurationPlatforms) = preSolution
		Debug|Any CPU = Debug|Any CPU
		Release|Any CPU = Release|Any CPU
	EndGlobalSection
	GlobalSection(ProjectConfigurationPlatforms) = postSolution
		{439566CD-C0F8-47FE-B156-28FC168AFB4B}.Debug|Any CPU.ActiveCfg = Debug|Any CPU
		{439566CD-C0F8-47FE-B156-28FC168AFB4B}.Release|Any CPU.ActiveCfg = Release|Any CPU
	EndGlobalSection
	GlobalSection(SolutionProperties) = preSolution
		HideSolutionNode = FALSE
	EndGlobalSection
	GlobalSection(ExtensibilityGlobals) = postSolution
		SolutionGuid = {94DF2EA1-18E3-4446-81F5-A8F02411B892}
	EndGlobalSection
EndGlobal
